
Microsoft Visual Studio Solution File, Format Version 12.00
# Visual Studio Express 2012 for Web
Project("{FAE04EC0-301F-11D3-BF4B-00C04F79EFBC}") = "Web", "Web\Web.csproj", "{65BC103F-65E2-4A94-8227-9EB28A3C4107}"
EndProject
Project("{FAE04EC0-301F-11D3-BF4B-00C04F79EFBC}") = "Tests", "Tests\Tests.csproj", "{3D77D577-FB7F-490E-ABD9-6E4CE01E1B25}"
EndProject
Project("{FAE04EC0-301F-11D3-BF4B-00C04F79EFBC}") = "AcceptanceTests", "AcceptanceTests\AcceptanceTests.csproj", "{35428F42-8CE9-4DD1-891B-8F5F9FF59EDF}"
EndProject
Global
	GlobalSection(SolutionConfigurationPlatforms) = preSolution
		Debug|Any CPU = Debug|Any CPU
		Release|Any CPU = Release|Any CPU
	EndGlobalSection
	GlobalSection(ProjectConfigurationPlatforms) = postSolution
		{65BC103F-65E2-4A94-8227-9EB28A3C4107}.Debug|Any CPU.ActiveCfg = Debug|Any CPU
		{65BC103F-65E2-4A94-8227-9EB28A3C4107}.Debug|Any CPU.Build.0 = Debug|Any CPU
		{65BC103F-65E2-4A94-8227-9EB28A3C4107}.Release|Any CPU.ActiveCfg = Release|Any CPU
		{65BC103F-65E2-4A94-8227-9EB28A3C4107}.Release|Any CPU.Build.0 = Release|Any CPU
		{3D77D577-FB7F-490E-ABD9-6E4CE01E1B25}.Debug|Any CPU.ActiveCfg = Debug|Any CPU
		{3D77D577-FB7F-490E-ABD9-6E4CE01E1B25}.Debug|Any CPU.Build.0 = Debug|Any CPU
		{3D77D577-FB7F-490E-ABD9-6E4CE01E1B25}.Release|Any CPU.ActiveCfg = Release|Any CPU
		{3D77D577-FB7F-490E-ABD9-6E4CE01E1B25}.Release|Any CPU.Build.0 = Release|Any CPU
		{35428F42-8CE9-4DD1-891B-8F5F9FF59EDF}.Debug|Any CPU.ActiveCfg = Debug|Any CPU
		{35428F42-8CE9-4DD1-891B-8F5F9FF59EDF}.Debug|Any CPU.Build.0 = Debug|Any CPU
		{35428F42-8CE9-4DD1-891B-8F5F9FF59EDF}.Release|Any CPU.ActiveCfg = Release|Any CPU
		{35428F42-8CE9-4DD1-891B-8F5F9FF59EDF}.Release|Any CPU.Build.0 = Release|Any CPU
	EndGlobalSection
	GlobalSection(SolutionProperties) = preSolution
		HideSolutionNode = FALSE
	EndGlobalSection
EndGlobal
